// !$*UTF8*$!
{
	archiveVersion = 1;
	classes = {
	};
	objectVersion = 52;
	objects = {

/* Begin PBXBuildFile section */
		B10A630B24C2BDB6004C79F1 /* HomeCell.swift in Sources */ = {isa = PBXBuildFile; fileRef = B10A630A24C2BDB6004C79F1 /* HomeCell.swift */; };
		B10A630D24C2C1E5004C79F1 /* Images.swift in Sources */ = {isa = PBXBuildFile; fileRef = B10A630C24C2C1E5004C79F1 /* Images.swift */; };
		B10A630F24C2C4D1004C79F1 /* Extensions.swift in Sources */ = {isa = PBXBuildFile; fileRef = B10A630E24C2C4D1004C79F1 /* Extensions.swift */; };
		B10A631224C2D10D004C79F1 /* ListView.swift in Sources */ = {isa = PBXBuildFile; fileRef = B10A631124C2D10D004C79F1 /* ListView.swift */; };
		B13A8FB824C24E4F0069032F /* Buttons.swift in Sources */ = {isa = PBXBuildFile; fileRef = B13A8FB724C24E4F0069032F /* Buttons.swift */; };
		B13A8FBE24C265250069032F /* Toggles.swift in Sources */ = {isa = PBXBuildFile; fileRef = B13A8FBD24C265250069032F /* Toggles.swift */; };
		B13A8FC024C265B10069032F /* TextFields.swift in Sources */ = {isa = PBXBuildFile; fileRef = B13A8FBF24C265B10069032F /* TextFields.swift */; };
		B1607FD224C40B080075B436 /* SelectionCell.swift in Sources */ = {isa = PBXBuildFile; fileRef = B1607FD124C40B080075B436 /* SelectionCell.swift */; };
		B1607FD424C45F5D0075B436 /* SingleSelectView.swift in Sources */ = {isa = PBXBuildFile; fileRef = B1607FD324C45F5D0075B436 /* SingleSelectView.swift */; };
		B1607FD624C47D320075B436 /* MultiSelectView.swift in Sources */ = {isa = PBXBuildFile; fileRef = B1607FD524C47D320075B436 /* MultiSelectView.swift */; };
		B1607FDB24C4B6DB0075B436 /* Search.swift in Sources */ = {isa = PBXBuildFile; fileRef = B1607FDA24C4B6DB0075B436 /* Search.swift */; };
		B1607FDD24C4F5930075B436 /* IconText.swift in Sources */ = {isa = PBXBuildFile; fileRef = B1607FDC24C4F5930075B436 /* IconText.swift */; };
		B16544F124C3BF8500A44117 /* DiscoveryCell.swift in Sources */ = {isa = PBXBuildFile; fileRef = B16544F024C3BF8500A44117 /* DiscoveryCell.swift */; };
		B16544F324C3C20400A44117 /* DiscoveryView.swift in Sources */ = {isa = PBXBuildFile; fileRef = B16544F224C3C20400A44117 /* DiscoveryView.swift */; };
		B16544F524C3C5B700A44117 /* WrapStack.swift in Sources */ = {isa = PBXBuildFile; fileRef = B16544F424C3C5B700A44117 /* WrapStack.swift */; };
		B16544F724C3C77500A44117 /* CollectionView.swift in Sources */ = {isa = PBXBuildFile; fileRef = B16544F624C3C77500A44117 /* CollectionView.swift */; };
		B17AA3B224C1794600BC1BEA /* Palette.swift in Sources */ = {isa = PBXBuildFile; fileRef = B17AA3B124C1794600BC1BEA /* Palette.swift */; };
		B17AA3B424C179C400BC1BEA /* ColorPalette.xcassets in Resources */ = {isa = PBXBuildFile; fileRef = B17AA3B324C179C400BC1BEA /* ColorPalette.xcassets */; };
		B1B10DCB24C111E000F56835 /* AppDelegate.swift in Sources */ = {isa = PBXBuildFile; fileRef = B1B10DCA24C111E000F56835 /* AppDelegate.swift */; };
		B1B10DCD24C111E000F56835 /* SceneDelegate.swift in Sources */ = {isa = PBXBuildFile; fileRef = B1B10DCC24C111E000F56835 /* SceneDelegate.swift */; };
		B1B10DCF24C111E000F56835 /* ContentView.swift in Sources */ = {isa = PBXBuildFile; fileRef = B1B10DCE24C111E000F56835 /* ContentView.swift */; };
		B1B10DD124C111E400F56835 /* Assets.xcassets in Resources */ = {isa = PBXBuildFile; fileRef = B1B10DD024C111E400F56835 /* Assets.xcassets */; };
		B1B10DD424C111E400F56835 /* Preview Assets.xcassets in Resources */ = {isa = PBXBuildFile; fileRef = B1B10DD324C111E400F56835 /* Preview Assets.xcassets */; };
		B1B10DD724C111E400F56835 /* LaunchScreen.storyboard in Resources */ = {isa = PBXBuildFile; fileRef = B1B10DD524C111E400F56835 /* LaunchScreen.storyboard */; };
		B1B10DE224C111E400F56835 /* IrisTests.swift in Sources */ = {isa = PBXBuildFile; fileRef = B1B10DE124C111E400F56835 /* IrisTests.swift */; };
		B1B10DED24C111E400F56835 /* IrisUITests.swift in Sources */ = {isa = PBXBuildFile; fileRef = B1B10DEC24C111E400F56835 /* IrisUITests.swift */; };
		B1B10DFB24C14F3200F56835 /* Typography.swift in Sources */ = {isa = PBXBuildFile; fileRef = B1B10DFA24C14F3200F56835 /* Typography.swift */; };
		B1B1277324C391F400959667 /* TitleView.swift in Sources */ = {isa = PBXBuildFile; fileRef = B1B1277224C391F400959667 /* TitleView.swift */; };
		B1B1277724C398DF00959667 /* Lottie in Frameworks */ = {isa = PBXBuildFile; productRef = B1B1277624C398DF00959667 /* Lottie */; };
		B1B1277924C3991300959667 /* LottieView.swift in Sources */ = {isa = PBXBuildFile; fileRef = B1B1277824C3991300959667 /* LottieView.swift */; };
		B1B1277B24C39A5D00959667 /* loading.json in Resources */ = {isa = PBXBuildFile; fileRef = B1B1277A24C39A5D00959667 /* loading.json */; };
		B1B1277D24C39AB700959667 /* LoadingView.swift in Sources */ = {isa = PBXBuildFile; fileRef = B1B1277C24C39AB700959667 /* LoadingView.swift */; };
		B1B1277F24C3ACAF00959667 /* SettingsCell.swift in Sources */ = {isa = PBXBuildFile; fileRef = B1B1277E24C3ACAF00959667 /* SettingsCell.swift */; };
		B1B1278124C3B0D400959667 /* SettingsView.swift in Sources */ = {isa = PBXBuildFile; fileRef = B1B1278024C3B0D400959667 /* SettingsView.swift */; };
/* End PBXBuildFile section */

/* Begin PBXContainerItemProxy section */
		B1B10DDE24C111E400F56835 /* PBXContainerItemProxy */ = {
			isa = PBXContainerItemProxy;
			containerPortal = B1B10DBF24C111E000F56835 /* Project object */;
			proxyType = 1;
			remoteGlobalIDString = B1B10DC624C111E000F56835;
			remoteInfo = Iris;
		};
		B1B10DE924C111E400F56835 /* PBXContainerItemProxy */ = {
			isa = PBXContainerItemProxy;
			containerPortal = B1B10DBF24C111E000F56835 /* Project object */;
			proxyType = 1;
			remoteGlobalIDString = B1B10DC624C111E000F56835;
			remoteInfo = Iris;
		};
/* End PBXContainerItemProxy section */

/* Begin PBXFileReference section */
		B10A630A24C2BDB6004C79F1 /* HomeCell.swift */ = {isa = PBXFileReference; lastKnownFileType = sourcecode.swift; path = HomeCell.swift; sourceTree = "<group>"; };
		B10A630C24C2C1E5004C79F1 /* Images.swift */ = {isa = PBXFileReference; lastKnownFileType = sourcecode.swift; path = Images.swift; sourceTree = "<group>"; };
		B10A630E24C2C4D1004C79F1 /* Extensions.swift */ = {isa = PBXFileReference; lastKnownFileType = sourcecode.swift; path = Extensions.swift; sourceTree = "<group>"; };
		B10A631124C2D10D004C79F1 /* ListView.swift */ = {isa = PBXFileReference; lastKnownFileType = sourcecode.swift; path = ListView.swift; sourceTree = "<group>"; };
		B13A8FB724C24E4F0069032F /* Buttons.swift */ = {isa = PBXFileReference; lastKnownFileType = sourcecode.swift; path = Buttons.swift; sourceTree = "<group>"; };
		B13A8FBD24C265250069032F /* Toggles.swift */ = {isa = PBXFileReference; lastKnownFileType = sourcecode.swift; path = Toggles.swift; sourceTree = "<group>"; };
		B13A8FBF24C265B10069032F /* TextFields.swift */ = {isa = PBXFileReference; lastKnownFileType = sourcecode.swift; path = TextFields.swift; sourceTree = "<group>"; };
		B1607FD124C40B080075B436 /* SelectionCell.swift */ = {isa = PBXFileReference; lastKnownFileType = sourcecode.swift; path = SelectionCell.swift; sourceTree = "<group>"; };
		B1607FD324C45F5D0075B436 /* SingleSelectView.swift */ = {isa = PBXFileReference; lastKnownFileType = sourcecode.swift; path = SingleSelectView.swift; sourceTree = "<group>"; };
		B1607FD524C47D320075B436 /* MultiSelectView.swift */ = {isa = PBXFileReference; lastKnownFileType = sourcecode.swift; path = MultiSelectView.swift; sourceTree = "<group>"; };
		B1607FDA24C4B6DB0075B436 /* Search.swift */ = {isa = PBXFileReference; lastKnownFileType = sourcecode.swift; path = Search.swift; sourceTree = "<group>"; };
		B1607FDC24C4F5930075B436 /* IconText.swift */ = {isa = PBXFileReference; lastKnownFileType = sourcecode.swift; path = IconText.swift; sourceTree = "<group>"; };
		B16544F024C3BF8500A44117 /* DiscoveryCell.swift */ = {isa = PBXFileReference; lastKnownFileType = sourcecode.swift; path = DiscoveryCell.swift; sourceTree = "<group>"; };
		B16544F224C3C20400A44117 /* DiscoveryView.swift */ = {isa = PBXFileReference; lastKnownFileType = sourcecode.swift; path = DiscoveryView.swift; sourceTree = "<group>"; };
		B16544F424C3C5B700A44117 /* WrapStack.swift */ = {isa = PBXFileReference; lastKnownFileType = sourcecode.swift; path = WrapStack.swift; sourceTree = "<group>"; };
		B16544F624C3C77500A44117 /* CollectionView.swift */ = {isa = PBXFileReference; lastKnownFileType = sourcecode.swift; path = CollectionView.swift; sourceTree = "<group>"; };
		B17AA3B124C1794600BC1BEA /* Palette.swift */ = {isa = PBXFileReference; lastKnownFileType = sourcecode.swift; path = Palette.swift; sourceTree = "<group>"; };
		B17AA3B324C179C400BC1BEA /* ColorPalette.xcassets */ = {isa = PBXFileReference; lastKnownFileType = folder.assetcatalog; path = ColorPalette.xcassets; sourceTree = "<group>"; };
		B1B10DC724C111E000F56835 /* Iris.app */ = {isa = PBXFileReference; explicitFileType = wrapper.application; includeInIndex = 0; path = Iris.app; sourceTree = BUILT_PRODUCTS_DIR; };
		B1B10DCA24C111E000F56835 /* AppDelegate.swift */ = {isa = PBXFileReference; lastKnownFileType = sourcecode.swift; path = AppDelegate.swift; sourceTree = "<group>"; };
		B1B10DCC24C111E000F56835 /* SceneDelegate.swift */ = {isa = PBXFileReference; lastKnownFileType = sourcecode.swift; path = SceneDelegate.swift; sourceTree = "<group>"; };
		B1B10DCE24C111E000F56835 /* ContentView.swift */ = {isa = PBXFileReference; lastKnownFileType = sourcecode.swift; path = ContentView.swift; sourceTree = "<group>"; };
		B1B10DD024C111E400F56835 /* Assets.xcassets */ = {isa = PBXFileReference; lastKnownFileType = folder.assetcatalog; path = Assets.xcassets; sourceTree = "<group>"; };
		B1B10DD324C111E400F56835 /* Preview Assets.xcassets */ = {isa = PBXFileReference; lastKnownFileType = folder.assetcatalog; path = "Preview Assets.xcassets"; sourceTree = "<group>"; };
		B1B10DD624C111E400F56835 /* Base */ = {isa = PBXFileReference; lastKnownFileType = file.storyboard; name = Base; path = Base.lproj/LaunchScreen.storyboard; sourceTree = "<group>"; };
		B1B10DD824C111E400F56835 /* Info.plist */ = {isa = PBXFileReference; lastKnownFileType = text.plist.xml; path = Info.plist; sourceTree = "<group>"; };
		B1B10DDD24C111E400F56835 /* IrisTests.xctest */ = {isa = PBXFileReference; explicitFileType = wrapper.cfbundle; includeInIndex = 0; path = IrisTests.xctest; sourceTree = BUILT_PRODUCTS_DIR; };
		B1B10DE124C111E400F56835 /* IrisTests.swift */ = {isa = PBXFileReference; lastKnownFileType = sourcecode.swift; path = IrisTests.swift; sourceTree = "<group>"; };
		B1B10DE324C111E400F56835 /* Info.plist */ = {isa = PBXFileReference; lastKnownFileType = text.plist.xml; path = Info.plist; sourceTree = "<group>"; };
		B1B10DE824C111E400F56835 /* IrisUITests.xctest */ = {isa = PBXFileReference; explicitFileType = wrapper.cfbundle; includeInIndex = 0; path = IrisUITests.xctest; sourceTree = BUILT_PRODUCTS_DIR; };
		B1B10DEC24C111E400F56835 /* IrisUITests.swift */ = {isa = PBXFileReference; lastKnownFileType = sourcecode.swift; path = IrisUITests.swift; sourceTree = "<group>"; };
		B1B10DEE24C111E400F56835 /* Info.plist */ = {isa = PBXFileReference; lastKnownFileType = text.plist.xml; path = Info.plist; sourceTree = "<group>"; };
		B1B10DFA24C14F3200F56835 /* Typography.swift */ = {isa = PBXFileReference; lastKnownFileType = sourcecode.swift; path = Typography.swift; sourceTree = "<group>"; };
		B1B1277224C391F400959667 /* TitleView.swift */ = {isa = PBXFileReference; lastKnownFileType = sourcecode.swift; path = TitleView.swift; sourceTree = "<group>"; };
		B1B1277824C3991300959667 /* LottieView.swift */ = {isa = PBXFileReference; lastKnownFileType = sourcecode.swift; path = LottieView.swift; sourceTree = "<group>"; };
		B1B1277A24C39A5D00959667 /* loading.json */ = {isa = PBXFileReference; fileEncoding = 4; lastKnownFileType = text.json; path = loading.json; sourceTree = "<group>"; };
		B1B1277C24C39AB700959667 /* LoadingView.swift */ = {isa = PBXFileReference; lastKnownFileType = sourcecode.swift; path = LoadingView.swift; sourceTree = "<group>"; };
		B1B1277E24C3ACAF00959667 /* SettingsCell.swift */ = {isa = PBXFileReference; lastKnownFileType = sourcecode.swift; path = SettingsCell.swift; sourceTree = "<group>"; };
		B1B1278024C3B0D400959667 /* SettingsView.swift */ = {isa = PBXFileReference; lastKnownFileType = sourcecode.swift; path = SettingsView.swift; sourceTree = "<group>"; };
/* End PBXFileReference section */

/* Begin PBXFrameworksBuildPhase section */
		B1B10DC424C111E000F56835 /* Frameworks */ = {
			isa = PBXFrameworksBuildPhase;
			buildActionMask = 2147483647;
			files = (
				B1B1277724C398DF00959667 /* Lottie in Frameworks */,
			);
			runOnlyForDeploymentPostprocessing = 0;
		};
		B1B10DDA24C111E400F56835 /* Frameworks */ = {
			isa = PBXFrameworksBuildPhase;
			buildActionMask = 2147483647;
			files = (
			);
			runOnlyForDeploymentPostprocessing = 0;
		};
		B1B10DE524C111E400F56835 /* Frameworks */ = {
			isa = PBXFrameworksBuildPhase;
			buildActionMask = 2147483647;
			files = (
			);
			runOnlyForDeploymentPostprocessing = 0;
		};
/* End PBXFrameworksBuildPhase section */

/* Begin PBXGroup section */
		B10A630924C2AE10004C79F1 /* Cells */ = {
			isa = PBXGroup;
			children = (
				B10A630A24C2BDB6004C79F1 /* HomeCell.swift */,
				B16544F024C3BF8500A44117 /* DiscoveryCell.swift */,
				B1B1277E24C3ACAF00959667 /* SettingsCell.swift */,
				B1607FD124C40B080075B436 /* SelectionCell.swift */,
			);
			path = Cells;
			sourceTree = "<group>";
		};
		B10A631024C2D0DE004C79F1 /* Views */ = {
			isa = PBXGroup;
			children = (
				B10A631124C2D10D004C79F1 /* ListView.swift */,
				B1B1277224C391F400959667 /* TitleView.swift */,
				B1B1278024C3B0D400959667 /* SettingsView.swift */,
				B16544F224C3C20400A44117 /* DiscoveryView.swift */,
				B16544F424C3C5B700A44117 /* WrapStack.swift */,
				B16544F624C3C77500A44117 /* CollectionView.swift */,
				B1607FD324C45F5D0075B436 /* SingleSelectView.swift */,
				B1607FD524C47D320075B436 /* MultiSelectView.swift */,
			);
			path = Views;
			sourceTree = "<group>";
		};
		B13A8FB924C2649E0069032F /* Logic */ = {
			isa = PBXGroup;
			children = (
				B1B10DCA24C111E000F56835 /* AppDelegate.swift */,
				B1B10DCC24C111E000F56835 /* SceneDelegate.swift */,
				B1B10DCE24C111E000F56835 /* ContentView.swift */,
				B1B10DD024C111E400F56835 /* Assets.xcassets */,
				B1B10DD524C111E400F56835 /* LaunchScreen.storyboard */,
			);
			path = Logic;
			sourceTree = "<group>";
		};
		B13A8FBA24C264BB0069032F /* Retina */ = {
			isa = PBXGroup;
			children = (
				B1B1277424C3982D00959667 /* Animation */,
				B13A8FBB24C264C40069032F /* System */,
				B13A8FBC24C264D00069032F /* Fields */,
				B10A630924C2AE10004C79F1 /* Cells */,
				B10A631024C2D0DE004C79F1 /* Views */,
			);
			path = Retina;
			sourceTree = "<group>";
		};
		B13A8FBB24C264C40069032F /* System */ = {
			isa = PBXGroup;
			children = (
				B1607FD924C4844D0075B436 /* Extensions */,
				B17AA3B324C179C400BC1BEA /* ColorPalette.xcassets */,
				B1B10DFA24C14F3200F56835 /* Typography.swift */,
				B17AA3B124C1794600BC1BEA /* Palette.swift */,
				B10A630E24C2C4D1004C79F1 /* Extensions.swift */,
			);
			path = System;
			sourceTree = "<group>";
		};
		B13A8FBC24C264D00069032F /* Fields */ = {
			isa = PBXGroup;
			children = (
				B13A8FB724C24E4F0069032F /* Buttons.swift */,
				B13A8FBD24C265250069032F /* Toggles.swift */,
				B13A8FBF24C265B10069032F /* TextFields.swift */,
				B10A630C24C2C1E5004C79F1 /* Images.swift */,
				B1607FDA24C4B6DB0075B436 /* Search.swift */,
				B1607FDC24C4F5930075B436 /* IconText.swift */,
			);
			path = Fields;
			sourceTree = "<group>";
		};
		B1607FD924C4844D0075B436 /* Extensions */ = {
			isa = PBXGroup;
			children = (
			);
			path = Extensions;
			sourceTree = "<group>";
		};
		B1B10DBE24C111E000F56835 = {
			isa = PBXGroup;
			children = (
				B1B10DC924C111E000F56835 /* Iris */,
				B1B10DE024C111E400F56835 /* IrisTests */,
				B1B10DEB24C111E400F56835 /* IrisUITests */,
				B1B10DC824C111E000F56835 /* Products */,
			);
			sourceTree = "<group>";
		};
		B1B10DC824C111E000F56835 /* Products */ = {
			isa = PBXGroup;
			children = (
				B1B10DC724C111E000F56835 /* Iris.app */,
				B1B10DDD24C111E400F56835 /* IrisTests.xctest */,
				B1B10DE824C111E400F56835 /* IrisUITests.xctest */,
			);
			name = Products;
			sourceTree = "<group>";
		};
		B1B10DC924C111E000F56835 /* Iris */ = {
			isa = PBXGroup;
			children = (
				B1B10DD824C111E400F56835 /* Info.plist */,
				B13A8FB924C2649E0069032F /* Logic */,
				B13A8FBA24C264BB0069032F /* Retina */,
				B1B10DD224C111E400F56835 /* Preview Content */,
			);
			path = Iris;
			sourceTree = "<group>";
		};
		B1B10DD224C111E400F56835 /* Preview Content */ = {
			isa = PBXGroup;
			children = (
				B1B10DD324C111E400F56835 /* Preview Assets.xcassets */,
			);
			path = "Preview Content";
			sourceTree = "<group>";
		};
		B1B10DE024C111E400F56835 /* IrisTests */ = {
			isa = PBXGroup;
			children = (
				B1B10DE124C111E400F56835 /* IrisTests.swift */,
				B1B10DE324C111E400F56835 /* Info.plist */,
			);
			path = IrisTests;
			sourceTree = "<group>";
		};
		B1B10DEB24C111E400F56835 /* IrisUITests */ = {
			isa = PBXGroup;
			children = (
				B1B10DEC24C111E400F56835 /* IrisUITests.swift */,
				B1B10DEE24C111E400F56835 /* Info.plist */,
			);
			path = IrisUITests;
			sourceTree = "<group>";
		};
		B1B1277424C3982D00959667 /* Animation */ = {
			isa = PBXGroup;
			children = (
				B1B1277A24C39A5D00959667 /* loading.json */,
				B1B1277824C3991300959667 /* LottieView.swift */,
				B1B1277C24C39AB700959667 /* LoadingView.swift */,
			);
			path = Animation;
			sourceTree = "<group>";
		};
/* End PBXGroup section */

/* Begin PBXNativeTarget section */
		B1B10DC624C111E000F56835 /* Iris */ = {
			isa = PBXNativeTarget;
			buildConfigurationList = B1B10DF124C111E400F56835 /* Build configuration list for PBXNativeTarget "Iris" */;
			buildPhases = (
				B1B10DC324C111E000F56835 /* Sources */,
				B1B10DC424C111E000F56835 /* Frameworks */,
				B1B10DC524C111E000F56835 /* Resources */,
			);
			buildRules = (
			);
			dependencies = (
			);
			name = Iris;
			packageProductDependencies = (
				B1B1277624C398DF00959667 /* Lottie */,
			);
			productName = Iris;
			productReference = B1B10DC724C111E000F56835 /* Iris.app */;
			productType = "com.apple.product-type.application";
		};
		B1B10DDC24C111E400F56835 /* IrisTests */ = {
			isa = PBXNativeTarget;
			buildConfigurationList = B1B10DF424C111E400F56835 /* Build configuration list for PBXNativeTarget "IrisTests" */;
			buildPhases = (
				B1B10DD924C111E400F56835 /* Sources */,
				B1B10DDA24C111E400F56835 /* Frameworks */,
				B1B10DDB24C111E400F56835 /* Resources */,
			);
			buildRules = (
			);
			dependencies = (
				B1B10DDF24C111E400F56835 /* PBXTargetDependency */,
			);
			name = IrisTests;
			productName = IrisTests;
			productReference = B1B10DDD24C111E400F56835 /* IrisTests.xctest */;
			productType = "com.apple.product-type.bundle.unit-test";
		};
		B1B10DE724C111E400F56835 /* IrisUITests */ = {
			isa = PBXNativeTarget;
			buildConfigurationList = B1B10DF724C111E400F56835 /* Build configuration list for PBXNativeTarget "IrisUITests" */;
			buildPhases = (
				B1B10DE424C111E400F56835 /* Sources */,
				B1B10DE524C111E400F56835 /* Frameworks */,
				B1B10DE624C111E400F56835 /* Resources */,
			);
			buildRules = (
			);
			dependencies = (
				B1B10DEA24C111E400F56835 /* PBXTargetDependency */,
			);
			name = IrisUITests;
			productName = IrisUITests;
			productReference = B1B10DE824C111E400F56835 /* IrisUITests.xctest */;
			productType = "com.apple.product-type.bundle.ui-testing";
		};
/* End PBXNativeTarget section */

/* Begin PBXProject section */
		B1B10DBF24C111E000F56835 /* Project object */ = {
			isa = PBXProject;
			attributes = {
				LastSwiftUpdateCheck = 1150;
				LastUpgradeCheck = 1150;
				ORGANIZATIONNAME = Shalin;
				TargetAttributes = {
					B1B10DC624C111E000F56835 = {
						CreatedOnToolsVersion = 11.5;
					};
					B1B10DDC24C111E400F56835 = {
						CreatedOnToolsVersion = 11.5;
						TestTargetID = B1B10DC624C111E000F56835;
					};
					B1B10DE724C111E400F56835 = {
						CreatedOnToolsVersion = 11.5;
						TestTargetID = B1B10DC624C111E000F56835;
					};
				};
			};
			buildConfigurationList = B1B10DC224C111E000F56835 /* Build configuration list for PBXProject "Iris" */;
			compatibilityVersion = "Xcode 9.3";
			developmentRegion = en;
			hasScannedForEncodings = 0;
			knownRegions = (
				en,
				Base,
			);
			mainGroup = B1B10DBE24C111E000F56835;
			packageReferences = (
				B1B1277524C398DF00959667 /* XCRemoteSwiftPackageReference "lottie-ios" */,
			);
			productRefGroup = B1B10DC824C111E000F56835 /* Products */;
			projectDirPath = "";
			projectRoot = "";
			targets = (
				B1B10DC624C111E000F56835 /* Iris */,
				B1B10DDC24C111E400F56835 /* IrisTests */,
				B1B10DE724C111E400F56835 /* IrisUITests */,
			);
		};
/* End PBXProject section */

/* Begin PBXResourcesBuildPhase section */
		B1B10DC524C111E000F56835 /* Resources */ = {
			isa = PBXResourcesBuildPhase;
			buildActionMask = 2147483647;
			files = (
				B1B10DD724C111E400F56835 /* LaunchScreen.storyboard in Resources */,
				B1B10DD424C111E400F56835 /* Preview Assets.xcassets in Resources */,
				B1B10DD124C111E400F56835 /* Assets.xcassets in Resources */,
				B17AA3B424C179C400BC1BEA /* ColorPalette.xcassets in Resources */,
				B1B1277B24C39A5D00959667 /* loading.json in Resources */,
			);
			runOnlyForDeploymentPostprocessing = 0;
		};
		B1B10DDB24C111E400F56835 /* Resources */ = {
			isa = PBXResourcesBuildPhase;
			buildActionMask = 2147483647;
			files = (
			);
			runOnlyForDeploymentPostprocessing = 0;
		};
		B1B10DE624C111E400F56835 /* Resources */ = {
			isa = PBXResourcesBuildPhase;
			buildActionMask = 2147483647;
			files = (
			);
			runOnlyForDeploymentPostprocessing = 0;
		};
/* End PBXResourcesBuildPhase section */

/* Begin PBXSourcesBuildPhase section */
		B1B10DC324C111E000F56835 /* Sources */ = {
			isa = PBXSourcesBuildPhase;
			buildActionMask = 2147483647;
			files = (
				B1B10DCB24C111E000F56835 /* AppDelegate.swift in Sources */,
				B10A630D24C2C1E5004C79F1 /* Images.swift in Sources */,
				B16544F524C3C5B700A44117 /* WrapStack.swift in Sources */,
				B13A8FB824C24E4F0069032F /* Buttons.swift in Sources */,
				B16544F324C3C20400A44117 /* DiscoveryView.swift in Sources */,
				B1607FD224C40B080075B436 /* SelectionCell.swift in Sources */,
				B1B10DCD24C111E000F56835 /* SceneDelegate.swift in Sources */,
				B16544F124C3BF8500A44117 /* DiscoveryCell.swift in Sources */,
				B13A8FBE24C265250069032F /* Toggles.swift in Sources */,
				B1B1278124C3B0D400959667 /* SettingsView.swift in Sources */,
				B16544F724C3C77500A44117 /* CollectionView.swift in Sources */,
				B17AA3B224C1794600BC1BEA /* Palette.swift in Sources */,
				B1B10DFB24C14F3200F56835 /* Typography.swift in Sources */,
				B1B10DCF24C111E000F56835 /* ContentView.swift in Sources */,
				B1B1277D24C39AB700959667 /* LoadingView.swift in Sources */,
				B10A631224C2D10D004C79F1 /* ListView.swift in Sources */,
				B10A630B24C2BDB6004C79F1 /* HomeCell.swift in Sources */,
				B10A630F24C2C4D1004C79F1 /* Extensions.swift in Sources */,
				B1607FDD24C4F5930075B436 /* IconText.swift in Sources */,
				B1B1277924C3991300959667 /* LottieView.swift in Sources */,
				B1B1277324C391F400959667 /* TitleView.swift in Sources */,
				B1B1277F24C3ACAF00959667 /* SettingsCell.swift in Sources */,
				B1607FD424C45F5D0075B436 /* SingleSelectView.swift in Sources */,
				B1607FDB24C4B6DB0075B436 /* Search.swift in Sources */,
				B1607FD624C47D320075B436 /* MultiSelectView.swift in Sources */,
				B13A8FC024C265B10069032F /* TextFields.swift in Sources */,
			);
			runOnlyForDeploymentPostprocessing = 0;
		};
		B1B10DD924C111E400F56835 /* Sources */ = {
			isa = PBXSourcesBuildPhase;
			buildActionMask = 2147483647;
			files = (
				B1B10DE224C111E400F56835 /* IrisTests.swift in Sources */,
			);
			runOnlyForDeploymentPostprocessing = 0;
		};
		B1B10DE424C111E400F56835 /* Sources */ = {
			isa = PBXSourcesBuildPhase;
			buildActionMask = 2147483647;
			files = (
				B1B10DED24C111E400F56835 /* IrisUITests.swift in Sources */,
			);
			runOnlyForDeploymentPostprocessing = 0;
		};
/* End PBXSourcesBuildPhase section */

/* Begin PBXTargetDependency section */
		B1B10DDF24C111E400F56835 /* PBXTargetDependency */ = {
			isa = PBXTargetDependency;
			target = B1B10DC624C111E000F56835 /* Iris */;
			targetProxy = B1B10DDE24C111E400F56835 /* PBXContainerItemProxy */;
		};
		B1B10DEA24C111E400F56835 /* PBXTargetDependency */ = {
			isa = PBXTargetDependency;
			target = B1B10DC624C111E000F56835 /* Iris */;
			targetProxy = B1B10DE924C111E400F56835 /* PBXContainerItemProxy */;
		};
/* End PBXTargetDependency section */

/* Begin PBXVariantGroup section */
		B1B10DD524C111E400F56835 /* LaunchScreen.storyboard */ = {
			isa = PBXVariantGroup;
			children = (
				B1B10DD624C111E400F56835 /* Base */,
			);
			name = LaunchScreen.storyboard;
			sourceTree = "<group>";
		};
/* End PBXVariantGroup section */

/* Begin XCBuildConfiguration section */
		B1B10DEF24C111E400F56835 /* Debug */ = {
			isa = XCBuildConfiguration;
			buildSettings = {
				ALWAYS_SEARCH_USER_PATHS = NO;
				CLANG_ANALYZER_NONNULL = YES;
				CLANG_ANALYZER_NUMBER_OBJECT_CONVERSION = YES_AGGRESSIVE;
				CLANG_CXX_LANGUAGE_STANDARD = "gnu++14";
				CLANG_CXX_LIBRARY = "libc++";
				CLANG_ENABLE_MODULES = YES;
				CLANG_ENABLE_OBJC_ARC = YES;
				CLANG_ENABLE_OBJC_WEAK = YES;
				CLANG_WARN_BLOCK_CAPTURE_AUTORELEASING = YES;
				CLANG_WARN_BOOL_CONVERSION = YES;
				CLANG_WARN_COMMA = YES;
				CLANG_WARN_CONSTANT_CONVERSION = YES;
				CLANG_WARN_DEPRECATED_OBJC_IMPLEMENTATIONS = YES;
				CLANG_WARN_DIRECT_OBJC_ISA_USAGE = YES_ERROR;
				CLANG_WARN_DOCUMENTATION_COMMENTS = YES;
				CLANG_WARN_EMPTY_BODY = YES;
				CLANG_WARN_ENUM_CONVERSION = YES;
				CLANG_WARN_INFINITE_RECURSION = YES;
				CLANG_WARN_INT_CONVERSION = YES;
				CLANG_WARN_NON_LITERAL_NULL_CONVERSION = YES;
				CLANG_WARN_OBJC_IMPLICIT_RETAIN_SELF = YES;
				CLANG_WARN_OBJC_LITERAL_CONVERSION = YES;
				CLANG_WARN_OBJC_ROOT_CLASS = YES_ERROR;
				CLANG_WARN_RANGE_LOOP_ANALYSIS = YES;
				CLANG_WARN_STRICT_PROTOTYPES = YES;
				CLANG_WARN_SUSPICIOUS_MOVE = YES;
				CLANG_WARN_UNGUARDED_AVAILABILITY = YES_AGGRESSIVE;
				CLANG_WARN_UNREACHABLE_CODE = YES;
				CLANG_WARN__DUPLICATE_METHOD_MATCH = YES;
				COPY_PHASE_STRIP = NO;
				DEBUG_INFORMATION_FORMAT = dwarf;
				ENABLE_STRICT_OBJC_MSGSEND = YES;
				ENABLE_TESTABILITY = YES;
				GCC_C_LANGUAGE_STANDARD = gnu11;
				GCC_DYNAMIC_NO_PIC = NO;
				GCC_NO_COMMON_BLOCKS = YES;
				GCC_OPTIMIZATION_LEVEL = 0;
				GCC_PREPROCESSOR_DEFINITIONS = (
					"DEBUG=1",
					"$(inherited)",
				);
				GCC_WARN_64_TO_32_BIT_CONVERSION = YES;
				GCC_WARN_ABOUT_RETURN_TYPE = YES_ERROR;
				GCC_WARN_UNDECLARED_SELECTOR = YES;
				GCC_WARN_UNINITIALIZED_AUTOS = YES_AGGRESSIVE;
				GCC_WARN_UNUSED_FUNCTION = YES;
				GCC_WARN_UNUSED_VARIABLE = YES;
				IPHONEOS_DEPLOYMENT_TARGET = 13.5;
				MTL_ENABLE_DEBUG_INFO = INCLUDE_SOURCE;
				MTL_FAST_MATH = YES;
				ONLY_ACTIVE_ARCH = YES;
				SDKROOT = iphoneos;
				SWIFT_ACTIVE_COMPILATION_CONDITIONS = DEBUG;
				SWIFT_OPTIMIZATION_LEVEL = "-Onone";
			};
			name = Debug;
		};
		B1B10DF024C111E400F56835 /* Release */ = {
			isa = XCBuildConfiguration;
			buildSettings = {
				ALWAYS_SEARCH_USER_PATHS = NO;
				CLANG_ANALYZER_NONNULL = YES;
				CLANG_ANALYZER_NUMBER_OBJECT_CONVERSION = YES_AGGRESSIVE;
				CLANG_CXX_LANGUAGE_STANDARD = "gnu++14";
				CLANG_CXX_LIBRARY = "libc++";
				CLANG_ENABLE_MODULES = YES;
				CLANG_ENABLE_OBJC_ARC = YES;
				CLANG_ENABLE_OBJC_WEAK = YES;
				CLANG_WARN_BLOCK_CAPTURE_AUTORELEASING = YES;
				CLANG_WARN_BOOL_CONVERSION = YES;
				CLANG_WARN_COMMA = YES;
				CLANG_WARN_CONSTANT_CONVERSION = YES;
				CLANG_WARN_DEPRECATED_OBJC_IMPLEMENTATIONS = YES;
				CLANG_WARN_DIRECT_OBJC_ISA_USAGE = YES_ERROR;
				CLANG_WARN_DOCUMENTATION_COMMENTS = YES;
				CLANG_WARN_EMPTY_BODY = YES;
				CLANG_WARN_ENUM_CONVERSION = YES;
				CLANG_WARN_INFINITE_RECURSION = YES;
				CLANG_WARN_INT_CONVERSION = YES;
				CLANG_WARN_NON_LITERAL_NULL_CONVERSION = YES;
				CLANG_WARN_OBJC_IMPLICIT_RETAIN_SELF = YES;
				CLANG_WARN_OBJC_LITERAL_CONVERSION = YES;
				CLANG_WARN_OBJC_ROOT_CLASS = YES_ERROR;
				CLANG_WARN_RANGE_LOOP_ANALYSIS = YES;
				CLANG_WARN_STRICT_PROTOTYPES = YES;
				CLANG_WARN_SUSPICIOUS_MOVE = YES;
				CLANG_WARN_UNGUARDED_AVAILABILITY = YES_AGGRESSIVE;
				CLANG_WARN_UNREACHABLE_CODE = YES;
				CLANG_WARN__DUPLICATE_METHOD_MATCH = YES;
				COPY_PHASE_STRIP = NO;
				DEBUG_INFORMATION_FORMAT = "dwarf-with-dsym";
				ENABLE_NS_ASSERTIONS = NO;
				ENABLE_STRICT_OBJC_MSGSEND = YES;
				GCC_C_LANGUAGE_STANDARD = gnu11;
				GCC_NO_COMMON_BLOCKS = YES;
				GCC_WARN_64_TO_32_BIT_CONVERSION = YES;
				GCC_WARN_ABOUT_RETURN_TYPE = YES_ERROR;
				GCC_WARN_UNDECLARED_SELECTOR = YES;
				GCC_WARN_UNINITIALIZED_AUTOS = YES_AGGRESSIVE;
				GCC_WARN_UNUSED_FUNCTION = YES;
				GCC_WARN_UNUSED_VARIABLE = YES;
				IPHONEOS_DEPLOYMENT_TARGET = 13.5;
				MTL_ENABLE_DEBUG_INFO = NO;
				MTL_FAST_MATH = YES;
				SDKROOT = iphoneos;
				SWIFT_COMPILATION_MODE = wholemodule;
				SWIFT_OPTIMIZATION_LEVEL = "-O";
				VALIDATE_PRODUCT = YES;
			};
			name = Release;
		};
		B1B10DF224C111E400F56835 /* Debug */ = {
			isa = XCBuildConfiguration;
			buildSettings = {
				ASSETCATALOG_COMPILER_APPICON_NAME = AppIcon;
				CODE_SIGN_STYLE = Automatic;
				DEAD_CODE_STRIPPING = NO;
				DEVELOPMENT_ASSET_PATHS = "\"Iris/Preview Content\"";
				DEVELOPMENT_TEAM = GQ254GL522;
				ENABLE_PREVIEWS = YES;
				INFOPLIST_FILE = Iris/Info.plist;
				LD_RUNPATH_SEARCH_PATHS = (
					"$(inherited)",
					"@executable_path/Frameworks",
				);
				PRODUCT_BUNDLE_IDENTIFIER = com.shalinshah.Iris;
				PRODUCT_NAME = "$(TARGET_NAME)";
				SWIFT_VERSION = 5.0;
				TARGETED_DEVICE_FAMILY = "1,2";
			};
			name = Debug;
		};
		B1B10DF324C111E400F56835 /* Release */ = {
			isa = XCBuildConfiguration;
			buildSettings = {
				ASSETCATALOG_COMPILER_APPICON_NAME = AppIcon;
				CODE_SIGN_STYLE = Automatic;
				DEAD_CODE_STRIPPING = NO;
				DEVELOPMENT_ASSET_PATHS = "\"Iris/Preview Content\"";
				DEVELOPMENT_TEAM = GQ254GL522;
				ENABLE_PREVIEWS = YES;
				INFOPLIST_FILE = Iris/Info.plist;
				LD_RUNPATH_SEARCH_PATHS = (
					"$(inherited)",
					"@executable_path/Frameworks",
				);
				PRODUCT_BUNDLE_IDENTIFIER = com.shalinshah.Iris;
				PRODUCT_NAME = "$(TARGET_NAME)";
				SWIFT_VERSION = 5.0;
				TARGETED_DEVICE_FAMILY = "1,2";
			};
			name = Release;
		};
		B1B10DF524C111E400F56835 /* Debug */ = {
			isa = XCBuildConfiguration;
			buildSettings = {
				ALWAYS_EMBED_SWIFT_STANDARD_LIBRARIES = YES;
				BUNDLE_LOADER = "$(TEST_HOST)";
				CODE_SIGN_STYLE = Automatic;
				DEVELOPMENT_TEAM = GQ254GL522;
				INFOPLIST_FILE = IrisTests/Info.plist;
				IPHONEOS_DEPLOYMENT_TARGET = 13.5;
				LD_RUNPATH_SEARCH_PATHS = (
					"$(inherited)",
					"@executable_path/Frameworks",
					"@loader_path/Frameworks",
				);
				PRODUCT_BUNDLE_IDENTIFIER = com.shalinshah.IrisTests;
				PRODUCT_NAME = "$(TARGET_NAME)";
				SWIFT_VERSION = 5.0;
				TARGETED_DEVICE_FAMILY = "1,2";
				TEST_HOST = "$(BUILT_PRODUCTS_DIR)/Iris.app/Iris";
			};
			name = Debug;
		};
		B1B10DF624C111E400F56835 /* Release */ = {
			isa = XCBuildConfiguration;
			buildSettings = {
				ALWAYS_EMBED_SWIFT_STANDARD_LIBRARIES = YES;
				BUNDLE_LOADER = "$(TEST_HOST)";
				CODE_SIGN_STYLE = Automatic;
				DEVELOPMENT_TEAM = GQ254GL522;
				INFOPLIST_FILE = IrisTests/Info.plist;
				IPHONEOS_DEPLOYMENT_TARGET = 13.5;
				LD_RUNPATH_SEARCH_PATHS = (
					"$(inherited)",
					"@executable_path/Frameworks",
					"@loader_path/Frameworks",
				);
				PRODUCT_BUNDLE_IDENTIFIER = com.shalinshah.IrisTests;
				PRODUCT_NAME = "$(TARGET_NAME)";
				SWIFT_VERSION = 5.0;
				TARGETED_DEVICE_FAMILY = "1,2";
				TEST_HOST = "$(BUILT_PRODUCTS_DIR)/Iris.app/Iris";
			};
			name = Release;
		};
		B1B10DF824C111E400F56835 /* Debug */ = {
			isa = XCBuildConfiguration;
			buildSettings = {
				ALWAYS_EMBED_SWIFT_STANDARD_LIBRARIES = YES;
				CODE_SIGN_STYLE = Automatic;
				DEVELOPMENT_TEAM = GQ254GL522;
				INFOPLIST_FILE = IrisUITests/Info.plist;
				LD_RUNPATH_SEARCH_PATHS = (
					"$(inherited)",
					"@executable_path/Frameworks",
					"@loader_path/Frameworks",
				);
				PRODUCT_BUNDLE_IDENTIFIER = com.shalinshah.IrisUITests;
				PRODUCT_NAME = "$(TARGET_NAME)";
				SWIFT_VERSION = 5.0;
				TARGETED_DEVICE_FAMILY = "1,2";
				TEST_TARGET_NAME = Iris;
			};
			name = Debug;
		};
		B1B10DF924C111E400F56835 /* Release */ = {
			isa = XCBuildConfiguration;
			buildSettings = {
				ALWAYS_EMBED_SWIFT_STANDARD_LIBRARIES = YES;
				CODE_SIGN_STYLE = Automatic;
				DEVELOPMENT_TEAM = GQ254GL522;
				INFOPLIST_FILE = IrisUITests/Info.plist;
				LD_RUNPATH_SEARCH_PATHS = (
					"$(inherited)",
					"@executable_path/Frameworks",
					"@loader_path/Frameworks",
				);
				PRODUCT_BUNDLE_IDENTIFIER = com.shalinshah.IrisUITests;
				PRODUCT_NAME = "$(TARGET_NAME)";
				SWIFT_VERSION = 5.0;
				TARGETED_DEVICE_FAMILY = "1,2";
				TEST_TARGET_NAME = Iris;
			};
			name = Release;
		};
/* End XCBuildConfiguration section */

/* Begin XCConfigurationList section */
		B1B10DC224C111E000F56835 /* Build configuration list for PBXProject "Iris" */ = {
			isa = XCConfigurationList;
			buildConfigurations = (
				B1B10DEF24C111E400F56835 /* Debug */,
				B1B10DF024C111E400F56835 /* Release */,
			);
			defaultConfigurationIsVisible = 0;
			defaultConfigurationName = Release;
		};
		B1B10DF124C111E400F56835 /* Build configuration list for PBXNativeTarget "Iris" */ = {
			isa = XCConfigurationList;
			buildConfigurations = (
				B1B10DF224C111E400F56835 /* Debug */,
				B1B10DF324C111E400F56835 /* Release */,
			);
			defaultConfigurationIsVisible = 0;
			defaultConfigurationName = Release;
		};
		B1B10DF424C111E400F56835 /* Build configuration list for PBXNativeTarget "IrisTests" */ = {
			isa = XCConfigurationList;
			buildConfigurations = (
				B1B10DF524C111E400F56835 /* Debug */,
				B1B10DF624C111E400F56835 /* Release */,
			);
			defaultConfigurationIsVisible = 0;
			defaultConfigurationName = Release;
		};
		B1B10DF724C111E400F56835 /* Build configuration list for PBXNativeTarget "IrisUITests" */ = {
			isa = XCConfigurationList;
			buildConfigurations = (
				B1B10DF824C111E400F56835 /* Debug */,
				B1B10DF924C111E400F56835 /* Release */,
			);
			defaultConfigurationIsVisible = 0;
			defaultConfigurationName = Release;
		};
/* End XCConfigurationList section */

/* Begin XCRemoteSwiftPackageReference section */
		B1B1277524C398DF00959667 /* XCRemoteSwiftPackageReference "lottie-ios" */ = {
			isa = XCRemoteSwiftPackageReference;
			repositoryURL = "https://github.com/airbnb/lottie-ios.git";
			requirement = {
				kind = upToNextMajorVersion;
				minimumVersion = 3.1.8;
			};
		};
/* End XCRemoteSwiftPackageReference section */

/* Begin XCSwiftPackageProductDependency section */
		B1B1277624C398DF00959667 /* Lottie */ = {
			isa = XCSwiftPackageProductDependency;
			package = B1B1277524C398DF00959667 /* XCRemoteSwiftPackageReference "lottie-ios" */;
			productName = Lottie;
		};
/* End XCSwiftPackageProductDependency section */
	};
	rootObject = B1B10DBF24C111E000F56835 /* Project object */;
}
